
Microsoft Visual Studio Solution File, Format Version 12.00
# Visual Studio Version 17
VisualStudioVersion = 17.7.34024.191
MinimumVisualStudioVersion = 10.0.40219.1
Project("{FAE04EC0-301F-11D3-BF4B-00C04F79EFBC}") = "calculator", "calculator\calculator.csproj", "{B10C8A47-2740-4238-930E-5F84C9992134}"
EndProject
Global
	GlobalSection(SolutionConfigurationPlatforms) = preSolution
		Debug|Any CPU = Debug|Any CPU
		Release|Any CPU = Release|Any CPU
	EndGlobalSection
	GlobalSection(ProjectConfigurationPlatforms) = postSolution
		{B10C8A47-2740-4238-930E-5F84C9992134}.Debug|Any CPU.ActiveCfg = Debug|Any CPU
		{B10C8A47-2740-4238-930E-5F84C9992134}.Debug|Any CPU.Build.0 = Debug|Any CPU
		{B10C8A47-2740-4238-930E-5F84C9992134}.Release|Any CPU.ActiveCfg = Release|Any CPU
		{B10C8A47-2740-4238-930E-5F84C9992134}.Release|Any CPU.Build.0 = Release|Any CPU
	EndGlobalSection
	GlobalSection(SolutionProperties) = preSolution
		HideSolutionNode = FALSE
	EndGlobalSection
	GlobalSection(ExtensibilityGlobals) = postSolution
		SolutionGuid = {B5A535C2-7A7E-403F-804F-7E21D4AAD741}
	EndGlobalSection
EndGlobal
